
Microsoft Visual Studio Solution File, Format Version 12.00
# Visual Studio 15
VisualStudioVersion = 15.0.28307.168
MinimumVisualStudioVersion = 10.0.40219.1
Project("{FAE04EC0-301F-11D3-BF4B-00C04F79EFBC}") = "drawBoardV0", "drawBoardV0\drawBoardV0.csproj", "{852F9482-1560-4D24-B497-505A069DEC1F}"
EndProject
Global
	GlobalSection(SolutionConfigurationPlatforms) = preSolution
		Debug|Any CPU = Debug|Any CPU
		Release|Any CPU = Release|Any CPU
	EndGlobalSection
	GlobalSection(ProjectConfigurationPlatforms) = postSolution
		{852F9482-1560-4D24-B497-505A069DEC1F}.Debug|Any CPU.ActiveCfg = Debug|Any CPU
		{852F9482-1560-4D24-B497-505A069DEC1F}.Debug|Any CPU.Build.0 = Debug|Any CPU
		{852F9482-1560-4D24-B497-505A069DEC1F}.Release|Any CPU.ActiveCfg = Release|Any CPU
		{852F9482-1560-4D24-B497-505A069DEC1F}.Release|Any CPU.Build.0 = Release|Any CPU
	EndGlobalSection
	GlobalSection(SolutionProperties) = preSolution
		HideSolutionNode = FALSE
	EndGlobalSection
	GlobalSection(ExtensibilityGlobals) = postSolution
		SolutionGuid = {BD27673F-CFF6-458E-94C4-A7EB76320671}
	EndGlobalSection
EndGlobal
