
Microsoft Visual Studio Solution File, Format Version 12.00
# Visual Studio 15
VisualStudioVersion = 15.0.28307.168
MinimumVisualStudioVersion = 10.0.40219.1
Project("{FAE04EC0-301F-11D3-BF4B-00C04F79EFBC}") = "DrawBoardV2Milo", "DrawBoardV2Milo\DrawBoardV2Milo.csproj", "{2F7B01F9-F411-4C9B-87F3-4323EC752D3A}"
EndProject
Global
	GlobalSection(SolutionConfigurationPlatforms) = preSolution
		Debug|Any CPU = Debug|Any CPU
		Release|Any CPU = Release|Any CPU
	EndGlobalSection
	GlobalSection(ProjectConfigurationPlatforms) = postSolution
		{2F7B01F9-F411-4C9B-87F3-4323EC752D3A}.Debug|Any CPU.ActiveCfg = Debug|Any CPU
		{2F7B01F9-F411-4C9B-87F3-4323EC752D3A}.Debug|Any CPU.Build.0 = Debug|Any CPU
		{2F7B01F9-F411-4C9B-87F3-4323EC752D3A}.Release|Any CPU.ActiveCfg = Release|Any CPU
		{2F7B01F9-F411-4C9B-87F3-4323EC752D3A}.Release|Any CPU.Build.0 = Release|Any CPU
	EndGlobalSection
	GlobalSection(SolutionProperties) = preSolution
		HideSolutionNode = FALSE
	EndGlobalSection
	GlobalSection(ExtensibilityGlobals) = postSolution
		SolutionGuid = {CDE20AF9-FDE3-4CD4-B694-72E38E631B28}
	EndGlobalSection
EndGlobal
